
Microsoft Visual Studio Solution File, Format Version 12.00
# Visual Studio 14
VisualStudioVersion = 14.0.25420.1
MinimumVisualStudioVersion = 10.0.40219.1
Project("{2150E333-8FDC-42A3-9474-1A3956D46DE8}") = "Application", "Application", "{9E9B442C-6E00-4C69-9E96-9B04147E8828}"
EndProject
Project("{FAE04EC0-301F-11D3-BF4B-00C04F79EFBC}") = "Application.Application", "Application.Application\Application.Application.csproj", "{428102E7-860E-41C9-B1A0-A52426DF19B2}"
EndProject
Project("{FAE04EC0-301F-11D3-BF4B-00C04F79EFBC}") = "Application.WebSite", "Applicaiton.WebSite\Application.WebSite.csproj", "{2554E62A-4568-408C-BB29-E455BE2EE22E}"
EndProject
Project("{FAE04EC0-301F-11D3-BF4B-00C04F79EFBC}") = "Application.Core", "Application.Core\Application.Core.csproj", "{5793DD7E-D5DF-48D6-869D-66B88730BBFC}"
EndProject
Project("{FAE04EC0-301F-11D3-BF4B-00C04F79EFBC}") = "Application.EntityFramework", "Application.EntityFramework\Application.EntityFramework.csproj", "{68E0E6EF-0374-4830-9FBA-F82FF653C6F7}"
EndProject
Project("{FAE04EC0-301F-11D3-BF4B-00C04F79EFBC}") = "Application.WebApi", "Application.WebApi\Application.WebApi.csproj", "{518CC59A-E9C3-433E-B62E-E017854BD770}"
EndProject
Project("{2150E333-8FDC-42A3-9474-1A3956D46DE8}") = "Common", "Common", "{47FD4C12-8F23-4F2B-952E-31662D2DDB34}"
EndProject
Project("{FAE04EC0-301F-11D3-BF4B-00C04F79EFBC}") = "Microsoft.Owin.Security.Weixin", "Microsoft.Owin.Security.Weixin\Microsoft.Owin.Security.Weixin.csproj", "{C73730DD-018B-47F3-B6C3-810013A654F6}"
EndProject
Project("{FAE04EC0-301F-11D3-BF4B-00C04F79EFBC}") = "Utility", "Utility\Utility.csproj", "{9D0FCBC0-7956-4EA5-B8BF-77F618CB2C2B}"
EndProject
Project("{FAE04EC0-301F-11D3-BF4B-00C04F79EFBC}") = "Application.Windows.Service", "Application.Windows.Service\Application.Windows.Service.csproj", "{B0CECC1A-4C33-40AE-8622-4C0D08621052}"
EndProject
Global
	GlobalSection(SolutionConfigurationPlatforms) = preSolution
		Debug|Any CPU = Debug|Any CPU
		Release|Any CPU = Release|Any CPU
	EndGlobalSection
	GlobalSection(ProjectConfigurationPlatforms) = postSolution
		{428102E7-860E-41C9-B1A0-A52426DF19B2}.Debug|Any CPU.ActiveCfg = Debug|Any CPU
		{428102E7-860E-41C9-B1A0-A52426DF19B2}.Debug|Any CPU.Build.0 = Debug|Any CPU
		{428102E7-860E-41C9-B1A0-A52426DF19B2}.Release|Any CPU.ActiveCfg = Release|Any CPU
		{428102E7-860E-41C9-B1A0-A52426DF19B2}.Release|Any CPU.Build.0 = Release|Any CPU
		{2554E62A-4568-408C-BB29-E455BE2EE22E}.Debug|Any CPU.ActiveCfg = Debug|Any CPU
		{2554E62A-4568-408C-BB29-E455BE2EE22E}.Debug|Any CPU.Build.0 = Debug|Any CPU
		{2554E62A-4568-408C-BB29-E455BE2EE22E}.Release|Any CPU.ActiveCfg = Release|Any CPU
		{2554E62A-4568-408C-BB29-E455BE2EE22E}.Release|Any CPU.Build.0 = Release|Any CPU
		{5793DD7E-D5DF-48D6-869D-66B88730BBFC}.Debug|Any CPU.ActiveCfg = Debug|Any CPU
		{5793DD7E-D5DF-48D6-869D-66B88730BBFC}.Debug|Any CPU.Build.0 = Debug|Any CPU
		{5793DD7E-D5DF-48D6-869D-66B88730BBFC}.Release|Any CPU.ActiveCfg = Release|Any CPU
		{5793DD7E-D5DF-48D6-869D-66B88730BBFC}.Release|Any CPU.Build.0 = Release|Any CPU
		{68E0E6EF-0374-4830-9FBA-F82FF653C6F7}.Debug|Any CPU.ActiveCfg = Debug|Any CPU
		{68E0E6EF-0374-4830-9FBA-F82FF653C6F7}.Debug|Any CPU.Build.0 = Debug|Any CPU
		{68E0E6EF-0374-4830-9FBA-F82FF653C6F7}.Release|Any CPU.ActiveCfg = Release|Any CPU
		{68E0E6EF-0374-4830-9FBA-F82FF653C6F7}.Release|Any CPU.Build.0 = Release|Any CPU
		{518CC59A-E9C3-433E-B62E-E017854BD770}.Debug|Any CPU.ActiveCfg = Debug|Any CPU
		{518CC59A-E9C3-433E-B62E-E017854BD770}.Debug|Any CPU.Build.0 = Debug|Any CPU
		{518CC59A-E9C3-433E-B62E-E017854BD770}.Release|Any CPU.ActiveCfg = Release|Any CPU
		{518CC59A-E9C3-433E-B62E-E017854BD770}.Release|Any CPU.Build.0 = Release|Any CPU
		{C73730DD-018B-47F3-B6C3-810013A654F6}.Debug|Any CPU.ActiveCfg = Debug|Any CPU
		{C73730DD-018B-47F3-B6C3-810013A654F6}.Debug|Any CPU.Build.0 = Debug|Any CPU
		{C73730DD-018B-47F3-B6C3-810013A654F6}.Release|Any CPU.ActiveCfg = Release|Any CPU
		{C73730DD-018B-47F3-B6C3-810013A654F6}.Release|Any CPU.Build.0 = Release|Any CPU
		{9D0FCBC0-7956-4EA5-B8BF-77F618CB2C2B}.Debug|Any CPU.ActiveCfg = Debug|Any CPU
		{9D0FCBC0-7956-4EA5-B8BF-77F618CB2C2B}.Debug|Any CPU.Build.0 = Debug|Any CPU
		{9D0FCBC0-7956-4EA5-B8BF-77F618CB2C2B}.Release|Any CPU.ActiveCfg = Release|Any CPU
		{9D0FCBC0-7956-4EA5-B8BF-77F618CB2C2B}.Release|Any CPU.Build.0 = Release|Any CPU
		{B0CECC1A-4C33-40AE-8622-4C0D08621052}.Debug|Any CPU.ActiveCfg = Debug|Any CPU
		{B0CECC1A-4C33-40AE-8622-4C0D08621052}.Debug|Any CPU.Build.0 = Debug|Any CPU
		{B0CECC1A-4C33-40AE-8622-4C0D08621052}.Release|Any CPU.ActiveCfg = Release|Any CPU
		{B0CECC1A-4C33-40AE-8622-4C0D08621052}.Release|Any CPU.Build.0 = Release|Any CPU
	EndGlobalSection
	GlobalSection(SolutionProperties) = preSolution
		HideSolutionNode = FALSE
	EndGlobalSection
	GlobalSection(NestedProjects) = preSolution
		{428102E7-860E-41C9-B1A0-A52426DF19B2} = {9E9B442C-6E00-4C69-9E96-9B04147E8828}
		{2554E62A-4568-408C-BB29-E455BE2EE22E} = {9E9B442C-6E00-4C69-9E96-9B04147E8828}
		{5793DD7E-D5DF-48D6-869D-66B88730BBFC} = {9E9B442C-6E00-4C69-9E96-9B04147E8828}
		{68E0E6EF-0374-4830-9FBA-F82FF653C6F7} = {9E9B442C-6E00-4C69-9E96-9B04147E8828}
		{518CC59A-E9C3-433E-B62E-E017854BD770} = {9E9B442C-6E00-4C69-9E96-9B04147E8828}
		{C73730DD-018B-47F3-B6C3-810013A654F6} = {47FD4C12-8F23-4F2B-952E-31662D2DDB34}
		{9D0FCBC0-7956-4EA5-B8BF-77F618CB2C2B} = {47FD4C12-8F23-4F2B-952E-31662D2DDB34}
		{B0CECC1A-4C33-40AE-8622-4C0D08621052} = {9E9B442C-6E00-4C69-9E96-9B04147E8828}
	EndGlobalSection
EndGlobal
